
Microsoft Visual Studio Solution File, Format Version 12.00
# Visual Studio Version 17
VisualStudioVersion = 17.6.33927.249
MinimumVisualStudioVersion = 10.0.40219.1
Project("{FAE04EC0-301F-11D3-BF4B-00C04F79EFBC}") = "Dao.FileSystemWatcherPlus", "Dao.FileSystemWatcherPlus\Dao.FileSystemWatcherPlus.csproj", "{3C6BED64-3AB2-41B9-9237-B7C3B942F572}"
EndProject
Global
	GlobalSection(SolutionConfigurationPlatforms) = preSolution
		Debug|Any CPU = Debug|Any CPU
		Release|Any CPU = Release|Any CPU
	EndGlobalSection
	GlobalSection(ProjectConfigurationPlatforms) = postSolution
		{3C6BED64-3AB2-41B9-9237-B7C3B942F572}.Debug|Any CPU.ActiveCfg = Debug|Any CPU
		{3C6BED64-3AB2-41B9-9237-B7C3B942F572}.Debug|Any CPU.Build.0 = Debug|Any CPU
		{3C6BED64-3AB2-41B9-9237-B7C3B942F572}.Release|Any CPU.ActiveCfg = Release|Any CPU
		{3C6BED64-3AB2-41B9-9237-B7C3B942F572}.Release|Any CPU.Build.0 = Release|Any CPU
	EndGlobalSection
	GlobalSection(SolutionProperties) = preSolution
		HideSolutionNode = FALSE
	EndGlobalSection
	GlobalSection(ExtensibilityGlobals) = postSolution
		SolutionGuid = {1844B18B-EDA6-495B-A69D-0F958FE079FA}
	EndGlobalSection
EndGlobal
